// !$*UTF8*$!
{
	archiveVersion = 1;
	classes = {
	};
	objectVersion = 50;
	objects = {

/* Begin PBXBuildFile section */
		75383F2F20E79AC300BBF84E /* AppDelegate.swift in Sources */ = {isa = PBXBuildFile; fileRef = 75383F2E20E79AC300BBF84E /* AppDelegate.swift */; };
		75383F3620E79AC500BBF84E /* Assets.xcassets in Resources */ = {isa = PBXBuildFile; fileRef = 75383F3520E79AC500BBF84E /* Assets.xcassets */; };
		75383F3920E79AC500BBF84E /* LaunchScreen.storyboard in Resources */ = {isa = PBXBuildFile; fileRef = 75383F3720E79AC500BBF84E /* LaunchScreen.storyboard */; };
		75383F4420E79B4300BBF84E /* StartViewController.swift in Sources */ = {isa = PBXBuildFile; fileRef = 75383F4320E79B4300BBF84E /* StartViewController.swift */; };
		754D280520E79FE1002B0C84 /* XibViewController.swift in Sources */ = {isa = PBXBuildFile; fileRef = 754D280320E79FE1002B0C84 /* XibViewController.swift */; };
		754D280620E79FE1002B0C84 /* XibViewController.xib in Resources */ = {isa = PBXBuildFile; fileRef = 754D280420E79FE1002B0C84 /* XibViewController.xib */; };
		754D280820E7A04A002B0C84 /* Globals.swift in Sources */ = {isa = PBXBuildFile; fileRef = 754D280720E7A04A002B0C84 /* Globals.swift */; };
		754D280B20E7A1AF002B0C84 /* StoryboardViewController.swift in Sources */ = {isa = PBXBuildFile; fileRef = 754D280A20E7A1AF002B0C84 /* StoryboardViewController.swift */; };
		754D280D20E7A1B9002B0C84 /* Storyboard.storyboard in Resources */ = {isa = PBXBuildFile; fileRef = 754D280C20E7A1B9002B0C84 /* Storyboard.storyboard */; };
		754D281020E7A340002B0C84 /* CodeViewController.swift in Sources */ = {isa = PBXBuildFile; fileRef = 754D280F20E7A340002B0C84 /* CodeViewController.swift */; };
		754D281220E7A384002B0C84 /* CodeView.swift in Sources */ = {isa = PBXBuildFile; fileRef = 754D281120E7A384002B0C84 /* CodeView.swift */; };
/* End PBXBuildFile section */

/* Begin PBXFileReference section */
		75383F2B20E79AC300BBF84E /* ViewLoadTest.app */ = {isa = PBXFileReference; explicitFileType = wrapper.application; includeInIndex = 0; path = ViewLoadTest.app; sourceTree = BUILT_PRODUCTS_DIR; };
		75383F2E20E79AC300BBF84E /* AppDelegate.swift */ = {isa = PBXFileReference; lastKnownFileType = sourcecode.swift; path = AppDelegate.swift; sourceTree = "<group>"; };
		75383F3520E79AC500BBF84E /* Assets.xcassets */ = {isa = PBXFileReference; lastKnownFileType = folder.assetcatalog; path = Assets.xcassets; sourceTree = "<group>"; };
		75383F3820E79AC500BBF84E /* Base */ = {isa = PBXFileReference; lastKnownFileType = file.storyboard; name = Base; path = Base.lproj/LaunchScreen.storyboard; sourceTree = "<group>"; };
		75383F3A20E79AC500BBF84E /* Info.plist */ = {isa = PBXFileReference; lastKnownFileType = text.plist.xml; path = Info.plist; sourceTree = "<group>"; };
		75383F4320E79B4300BBF84E /* StartViewController.swift */ = {isa = PBXFileReference; lastKnownFileType = sourcecode.swift; path = StartViewController.swift; sourceTree = "<group>"; };
		754D280320E79FE1002B0C84 /* XibViewController.swift */ = {isa = PBXFileReference; lastKnownFileType = sourcecode.swift; path = XibViewController.swift; sourceTree = "<group>"; };
		754D280420E79FE1002B0C84 /* XibViewController.xib */ = {isa = PBXFileReference; lastKnownFileType = file.xib; path = XibViewController.xib; sourceTree = "<group>"; };
		754D280720E7A04A002B0C84 /* Globals.swift */ = {isa = PBXFileReference; lastKnownFileType = sourcecode.swift; path = Globals.swift; sourceTree = "<group>"; };
		754D280A20E7A1AF002B0C84 /* StoryboardViewController.swift */ = {isa = PBXFileReference; lastKnownFileType = sourcecode.swift; path = StoryboardViewController.swift; sourceTree = "<group>"; };
		754D280C20E7A1B9002B0C84 /* Storyboard.storyboard */ = {isa = PBXFileReference; lastKnownFileType = file.storyboard; path = Storyboard.storyboard; sourceTree = "<group>"; };
		754D280F20E7A340002B0C84 /* CodeViewController.swift */ = {isa = PBXFileReference; lastKnownFileType = sourcecode.swift; path = CodeViewController.swift; sourceTree = "<group>"; };
		754D281120E7A384002B0C84 /* CodeView.swift */ = {isa = PBXFileReference; lastKnownFileType = sourcecode.swift; path = CodeView.swift; sourceTree = "<group>"; };
/* End PBXFileReference section */

/* Begin PBXFrameworksBuildPhase section */
		75383F2820E79AC300BBF84E /* Frameworks */ = {
			isa = PBXFrameworksBuildPhase;
			buildActionMask = 2147483647;
			files = (
			);
			runOnlyForDeploymentPostprocessing = 0;
		};
/* End PBXFrameworksBuildPhase section */

/* Begin PBXGroup section */
		75383F2220E79AC300BBF84E = {
			isa = PBXGroup;
			children = (
				75383F2D20E79AC300BBF84E /* ViewLoadTest */,
				75383F2C20E79AC300BBF84E /* Products */,
			);
			sourceTree = "<group>";
		};
		75383F2C20E79AC300BBF84E /* Products */ = {
			isa = PBXGroup;
			children = (
				75383F2B20E79AC300BBF84E /* ViewLoadTest.app */,
			);
			name = Products;
			sourceTree = "<group>";
		};
		75383F2D20E79AC300BBF84E /* ViewLoadTest */ = {
			isa = PBXGroup;
			children = (
				754D280720E7A04A002B0C84 /* Globals.swift */,
				75383F4220E79B2900BBF84E /* Screens */,
				75383F2E20E79AC300BBF84E /* AppDelegate.swift */,
				75383F3520E79AC500BBF84E /* Assets.xcassets */,
				75383F3720E79AC500BBF84E /* LaunchScreen.storyboard */,
				75383F3A20E79AC500BBF84E /* Info.plist */,
			);
			path = ViewLoadTest;
			sourceTree = "<group>";
		};
		75383F4220E79B2900BBF84E /* Screens */ = {
			isa = PBXGroup;
			children = (
				754D280E20E7A32E002B0C84 /* Code */,
				754D280920E7A18F002B0C84 /* Storyboard */,
				754D280220E79FD0002B0C84 /* Xib */,
				754D280120E79FBE002B0C84 /* Start */,
			);
			path = Screens;
			sourceTree = "<group>";
		};
		754D280120E79FBE002B0C84 /* Start */ = {
			isa = PBXGroup;
			children = (
				75383F4320E79B4300BBF84E /* StartViewController.swift */,
			);
			path = Start;
			sourceTree = "<group>";
		};
		754D280220E79FD0002B0C84 /* Xib */ = {
			isa = PBXGroup;
			children = (
				754D280320E79FE1002B0C84 /* XibViewController.swift */,
				754D280420E79FE1002B0C84 /* XibViewController.xib */,
			);
			path = Xib;
			sourceTree = "<group>";
		};
		754D280920E7A18F002B0C84 /* Storyboard */ = {
			isa = PBXGroup;
			children = (
				754D280A20E7A1AF002B0C84 /* StoryboardViewController.swift */,
				754D280C20E7A1B9002B0C84 /* Storyboard.storyboard */,
			);
			path = Storyboard;
			sourceTree = "<group>";
		};
		754D280E20E7A32E002B0C84 /* Code */ = {
			isa = PBXGroup;
			children = (
				754D280F20E7A340002B0C84 /* CodeViewController.swift */,
				754D281120E7A384002B0C84 /* CodeView.swift */,
			);
			path = Code;
			sourceTree = "<group>";
		};
/* End PBXGroup section */

/* Begin PBXNativeTarget section */
		75383F2A20E79AC300BBF84E /* ViewLoadTest */ = {
			isa = PBXNativeTarget;
			buildConfigurationList = 75383F3D20E79AC500BBF84E /* Build configuration list for PBXNativeTarget "ViewLoadTest" */;
			buildPhases = (
				75383F2720E79AC300BBF84E /* Sources */,
				75383F2820E79AC300BBF84E /* Frameworks */,
				75383F2920E79AC300BBF84E /* Resources */,
			);
			buildRules = (
			);
			dependencies = (
			);
			name = ViewLoadTest;
			productName = ViewLoadTest;
			productReference = 75383F2B20E79AC300BBF84E /* ViewLoadTest.app */;
			productType = "com.apple.product-type.application";
		};
/* End PBXNativeTarget section */

/* Begin PBXProject section */
		75383F2320E79AC300BBF84E /* Project object */ = {
			isa = PBXProject;
			attributes = {
				LastSwiftUpdateCheck = 1000;
				LastUpgradeCheck = 1000;
				ORGANIZATIONNAME = "Benedek Kozma";
				TargetAttributes = {
					75383F2A20E79AC300BBF84E = {
						CreatedOnToolsVersion = 10.0;
					};
				};
			};
			buildConfigurationList = 75383F2620E79AC300BBF84E /* Build configuration list for PBXProject "ViewLoadTest" */;
			compatibilityVersion = "Xcode 9.3";
			developmentRegion = en;
			hasScannedForEncodings = 0;
			knownRegions = (
				en,
				Base,
			);
			mainGroup = 75383F2220E79AC300BBF84E;
			productRefGroup = 75383F2C20E79AC300BBF84E /* Products */;
			projectDirPath = "";
			projectRoot = "";
			targets = (
				75383F2A20E79AC300BBF84E /* ViewLoadTest */,
			);
		};
/* End PBXProject section */

/* Begin PBXResourcesBuildPhase section */
		75383F2920E79AC300BBF84E /* Resources */ = {
			isa = PBXResourcesBuildPhase;
			buildActionMask = 2147483647;
			files = (
				75383F3920E79AC500BBF84E /* LaunchScreen.storyboard in Resources */,
				754D280D20E7A1B9002B0C84 /* Storyboard.storyboard in Resources */,
				754D280620E79FE1002B0C84 /* XibViewController.xib in Resources */,
				75383F3620E79AC500BBF84E /* Assets.xcassets in Resources */,
			);
			runOnlyForDeploymentPostprocessing = 0;
		};
/* End PBXResourcesBuildPhase section */

/* Begin PBXSourcesBuildPhase section */
		75383F2720E79AC300BBF84E /* Sources */ = {
			isa = PBXSourcesBuildPhase;
			buildActionMask = 2147483647;
			files = (
				754D280B20E7A1AF002B0C84 /* StoryboardViewController.swift in Sources */,
				754D280820E7A04A002B0C84 /* Globals.swift in Sources */,
				75383F2F20E79AC300BBF84E /* AppDelegate.swift in Sources */,
				754D281020E7A340002B0C84 /* CodeViewController.swift in Sources */,
				75383F4420E79B4300BBF84E /* StartViewController.swift in Sources */,
				754D280520E79FE1002B0C84 /* XibViewController.swift in Sources */,
				754D281220E7A384002B0C84 /* CodeView.swift in Sources */,
			);
			runOnlyForDeploymentPostprocessing = 0;
		};
/* End PBXSourcesBuildPhase section */

/* Begin PBXVariantGroup section */
		75383F3720E79AC500BBF84E /* LaunchScreen.storyboard */ = {
			isa = PBXVariantGroup;
			children = (
				75383F3820E79AC500BBF84E /* Base */,
			);
			name = LaunchScreen.storyboard;
			sourceTree = "<group>";
		};
/* End PBXVariantGroup section */

/* Begin XCBuildConfiguration section */
		75383F3B20E79AC500BBF84E /* Debug */ = {
			isa = XCBuildConfiguration;
			buildSettings = {
				ALWAYS_SEARCH_USER_PATHS = NO;
				CLANG_ANALYZER_NONNULL = YES;
				CLANG_ANALYZER_NUMBER_OBJECT_CONVERSION = YES_AGGRESSIVE;
				CLANG_CXX_LANGUAGE_STANDARD = "gnu++14";
				CLANG_CXX_LIBRARY = "libc++";
				CLANG_ENABLE_MODULES = YES;
				CLANG_ENABLE_OBJC_ARC = YES;
				CLANG_ENABLE_OBJC_WEAK = YES;
				CLANG_WARN_BLOCK_CAPTURE_AUTORELEASING = YES;
				CLANG_WARN_BOOL_CONVERSION = YES;
				CLANG_WARN_COMMA = YES;
				CLANG_WARN_CONSTANT_CONVERSION = YES;
				CLANG_WARN_DEPRECATED_OBJC_IMPLEMENTATIONS = YES;
				CLANG_WARN_DIRECT_OBJC_ISA_USAGE = YES_ERROR;
				CLANG_WARN_DOCUMENTATION_COMMENTS = YES;
				CLANG_WARN_EMPTY_BODY = YES;
				CLANG_WARN_ENUM_CONVERSION = YES;
				CLANG_WARN_INFINITE_RECURSION = YES;
				CLANG_WARN_INT_CONVERSION = YES;
				CLANG_WARN_NON_LITERAL_NULL_CONVERSION = YES;
				CLANG_WARN_OBJC_IMPLICIT_RETAIN_SELF = YES;
				CLANG_WARN_OBJC_LITERAL_CONVERSION = YES;
				CLANG_WARN_OBJC_ROOT_CLASS = YES_ERROR;
				CLANG_WARN_RANGE_LOOP_ANALYSIS = YES;
				CLANG_WARN_STRICT_PROTOTYPES = YES;
				CLANG_WARN_SUSPICIOUS_MOVE = YES;
				CLANG_WARN_UNGUARDED_AVAILABILITY = YES_AGGRESSIVE;
				CLANG_WARN_UNREACHABLE_CODE = YES;
				CLANG_WARN__DUPLICATE_METHOD_MATCH = YES;
				CODE_SIGN_IDENTITY = "iPhone Developer";
				COPY_PHASE_STRIP = NO;
				DEBUG_INFORMATION_FORMAT = dwarf;
				ENABLE_STRICT_OBJC_MSGSEND = YES;
				ENABLE_TESTABILITY = YES;
				GCC_C_LANGUAGE_STANDARD = gnu11;
				GCC_DYNAMIC_NO_PIC = NO;
				GCC_NO_COMMON_BLOCKS = YES;
				GCC_OPTIMIZATION_LEVEL = 0;
				GCC_PREPROCESSOR_DEFINITIONS = (
					"DEBUG=1",
					"$(inherited)",
				);
				GCC_WARN_64_TO_32_BIT_CONVERSION = YES;
				GCC_WARN_ABOUT_RETURN_TYPE = YES_ERROR;
				GCC_WARN_UNDECLARED_SELECTOR = YES;
				GCC_WARN_UNINITIALIZED_AUTOS = YES_AGGRESSIVE;
				GCC_WARN_UNUSED_FUNCTION = YES;
				GCC_WARN_UNUSED_VARIABLE = YES;
				IPHONEOS_DEPLOYMENT_TARGET = 12.0;
				MTL_ENABLE_DEBUG_INFO = INCLUDE_SOURCE;
				ONLY_ACTIVE_ARCH = YES;
				SDKROOT = iphoneos;
				SWIFT_ACTIVE_COMPILATION_CONDITIONS = DEBUG;
				SWIFT_OPTIMIZATION_LEVEL = "-Onone";
			};
			name = Debug;
		};
		75383F3C20E79AC500BBF84E /* Release */ = {
			isa = XCBuildConfiguration;
			buildSettings = {
				ALWAYS_SEARCH_USER_PATHS = NO;
				CLANG_ANALYZER_NONNULL = YES;
				CLANG_ANALYZER_NUMBER_OBJECT_CONVERSION = YES_AGGRESSIVE;
				CLANG_CXX_LANGUAGE_STANDARD = "gnu++14";
				CLANG_CXX_LIBRARY = "libc++";
				CLANG_ENABLE_MODULES = YES;
				CLANG_ENABLE_OBJC_ARC = YES;
				CLANG_ENABLE_OBJC_WEAK = YES;
				CLANG_WARN_BLOCK_CAPTURE_AUTORELEASING = YES;
				CLANG_WARN_BOOL_CONVERSION = YES;
				CLANG_WARN_COMMA = YES;
				CLANG_WARN_CONSTANT_CONVERSION = YES;
				CLANG_WARN_DEPRECATED_OBJC_IMPLEMENTATIONS = YES;
				CLANG_WARN_DIRECT_OBJC_ISA_USAGE = YES_ERROR;
				CLANG_WARN_DOCUMENTATION_COMMENTS = YES;
				CLANG_WARN_EMPTY_BODY = YES;
				CLANG_WARN_ENUM_CONVERSION = YES;
				CLANG_WARN_INFINITE_RECURSION = YES;
				CLANG_WARN_INT_CONVERSION = YES;
				CLANG_WARN_NON_LITERAL_NULL_CONVERSION = YES;
				CLANG_WARN_OBJC_IMPLICIT_RETAIN_SELF = YES;
				CLANG_WARN_OBJC_LITERAL_CONVERSION = YES;
				CLANG_WARN_OBJC_ROOT_CLASS = YES_ERROR;
				CLANG_WARN_RANGE_LOOP_ANALYSIS = YES;
				CLANG_WARN_STRICT_PROTOTYPES = YES;
				CLANG_WARN_SUSPICIOUS_MOVE = YES;
				CLANG_WARN_UNGUARDED_AVAILABILITY = YES_AGGRESSIVE;
				CLANG_WARN_UNREACHABLE_CODE = YES;
				CLANG_WARN__DUPLICATE_METHOD_MATCH = YES;
				CODE_SIGN_IDENTITY = "iPhone Developer";
				COPY_PHASE_STRIP = NO;
				DEBUG_INFORMATION_FORMAT = "dwarf-with-dsym";
				ENABLE_NS_ASSERTIONS = NO;
				ENABLE_STRICT_OBJC_MSGSEND = YES;
				GCC_C_LANGUAGE_STANDARD = gnu11;
				GCC_NO_COMMON_BLOCKS = YES;
				GCC_WARN_64_TO_32_BIT_CONVERSION = YES;
				GCC_WARN_ABOUT_RETURN_TYPE = YES_ERROR;
				GCC_WARN_UNDECLARED_SELECTOR = YES;
				GCC_WARN_UNINITIALIZED_AUTOS = YES_AGGRESSIVE;
				GCC_WARN_UNUSED_FUNCTION = YES;
				GCC_WARN_UNUSED_VARIABLE = YES;
				IPHONEOS_DEPLOYMENT_TARGET = 12.0;
				MTL_ENABLE_DEBUG_INFO = NO;
				SDKROOT = iphoneos;
				SWIFT_COMPILATION_MODE = wholemodule;
				SWIFT_OPTIMIZATION_LEVEL = "-O";
				VALIDATE_PRODUCT = YES;
			};
			name = Release;
		};
		75383F3E20E79AC500BBF84E /* Debug */ = {
			isa = XCBuildConfiguration;
			buildSettings = {
				ASSETCATALOG_COMPILER_APPICON_NAME = AppIcon;
				CODE_SIGN_STYLE = Automatic;
				DEVELOPMENT_TEAM = V63P53K235;
				INFOPLIST_FILE = ViewLoadTest/Info.plist;
				IPHONEOS_DEPLOYMENT_TARGET = 11.4;
				LD_RUNPATH_SEARCH_PATHS = (
					"$(inherited)",
					"@executable_path/Frameworks",
				);
				PRODUCT_BUNDLE_IDENTIFIER = hu.cyberbeni.ViewLoadTest;
				PRODUCT_NAME = "$(TARGET_NAME)";
				SWIFT_VERSION = 4.2;
				TARGETED_DEVICE_FAMILY = "1,2";
			};
			name = Debug;
		};
		75383F3F20E79AC500BBF84E /* Release */ = {
			isa = XCBuildConfiguration;
			buildSettings = {
				ASSETCATALOG_COMPILER_APPICON_NAME = AppIcon;
				CODE_SIGN_STYLE = Automatic;
				DEVELOPMENT_TEAM = V63P53K235;
				INFOPLIST_FILE = ViewLoadTest/Info.plist;
				IPHONEOS_DEPLOYMENT_TARGET = 11.4;
				LD_RUNPATH_SEARCH_PATHS = (
					"$(inherited)",
					"@executable_path/Frameworks",
				);
				PRODUCT_BUNDLE_IDENTIFIER = hu.cyberbeni.ViewLoadTest;
				PRODUCT_NAME = "$(TARGET_NAME)";
				SWIFT_VERSION = 4.2;
				TARGETED_DEVICE_FAMILY = "1,2";
			};
			name = Release;
		};
/* End XCBuildConfiguration section */

/* Begin XCConfigurationList section */
		75383F2620E79AC300BBF84E /* Build configuration list for PBXProject "ViewLoadTest" */ = {
			isa = XCConfigurationList;
			buildConfigurations = (
				75383F3B20E79AC500BBF84E /* Debug */,
				75383F3C20E79AC500BBF84E /* Release */,
			);
			defaultConfigurationIsVisible = 0;
			defaultConfigurationName = Release;
		};
		75383F3D20E79AC500BBF84E /* Build configuration list for PBXNativeTarget "ViewLoadTest" */ = {
			isa = XCConfigurationList;
			buildConfigurations = (
				75383F3E20E79AC500BBF84E /* Debug */,
				75383F3F20E79AC500BBF84E /* Release */,
			);
			defaultConfigurationIsVisible = 0;
			defaultConfigurationName = Release;
		};
/* End XCConfigurationList section */
	};
	rootObject = 75383F2320E79AC300BBF84E /* Project object */;
}
